// !$*UTF8*$!
{
	archiveVersion = 1;
	classes = {
	};
	objectVersion = 55;
	objects = {

/* Begin PBXBuildFile section */
		DE1564A8284A0E7000C1B507 /* AppDelegate.swift in Sources */ = {isa = PBXBuildFile; fileRef = DE1564A7284A0E7000C1B507 /* AppDelegate.swift */; };
		DE1564AA284A0E7000C1B507 /* SceneDelegate.swift in Sources */ = {isa = PBXBuildFile; fileRef = DE1564A9284A0E7000C1B507 /* SceneDelegate.swift */; };
		DE1564AF284A0E7000C1B507 /* Main.storyboard in Resources */ = {isa = PBXBuildFile; fileRef = DE1564AD284A0E7000C1B507 /* Main.storyboard */; };
		DE1564B1284A0E7300C1B507 /* Assets.xcassets in Resources */ = {isa = PBXBuildFile; fileRef = DE1564B0284A0E7300C1B507 /* Assets.xcassets */; };
		DE1564B4284A0E7300C1B507 /* LaunchScreen.storyboard in Resources */ = {isa = PBXBuildFile; fileRef = DE1564B2284A0E7300C1B507 /* LaunchScreen.storyboard */; };
		DE1564BE284A115800C1B507 /* ViewController.swift in Sources */ = {isa = PBXBuildFile; fileRef = DE1564BD284A115800C1B507 /* ViewController.swift */; };
		DE1564C0284A12ED00C1B507 /* Files in Resources */ = {isa = PBXBuildFile; fileRef = DE1564BF284A12ED00C1B507 /* Files */; };
		DE1564C2284A168300C1B507 /* Movie.swift in Sources */ = {isa = PBXBuildFile; fileRef = DE1564C1284A168300C1B507 /* Movie.swift */; };
		DE1564C4284A1A0400C1B507 /* MovieTableViewCell.swift in Sources */ = {isa = PBXBuildFile; fileRef = DE1564C3284A1A0400C1B507 /* MovieTableViewCell.swift */; };
		DE1564C6284A1D4B00C1B507 /* movies.json in Resources */ = {isa = PBXBuildFile; fileRef = DE1564C5284A1D4B00C1B507 /* movies.json */; };
		DE6550D5284A22880049815A /* MovieDetailViewController.swift in Sources */ = {isa = PBXBuildFile; fileRef = DE6550D4284A22880049815A /* MovieDetailViewController.swift */; };
/* End PBXBuildFile section */

/* Begin PBXFileReference section */
		DE1564A4284A0E7000C1B507 /* MovieApp - JSON -.app */ = {isa = PBXFileReference; explicitFileType = wrapper.application; includeInIndex = 0; path = "MovieApp - JSON -.app"; sourceTree = BUILT_PRODUCTS_DIR; };
		DE1564A7284A0E7000C1B507 /* AppDelegate.swift */ = {isa = PBXFileReference; lastKnownFileType = sourcecode.swift; path = AppDelegate.swift; sourceTree = "<group>"; };
		DE1564A9284A0E7000C1B507 /* SceneDelegate.swift */ = {isa = PBXFileReference; lastKnownFileType = sourcecode.swift; path = SceneDelegate.swift; sourceTree = "<group>"; };
		DE1564AE284A0E7000C1B507 /* Base */ = {isa = PBXFileReference; lastKnownFileType = file.storyboard; name = Base; path = Base.lproj/Main.storyboard; sourceTree = "<group>"; };
		DE1564B0284A0E7300C1B507 /* Assets.xcassets */ = {isa = PBXFileReference; lastKnownFileType = folder.assetcatalog; path = Assets.xcassets; sourceTree = "<group>"; };
		DE1564B3284A0E7300C1B507 /* Base */ = {isa = PBXFileReference; lastKnownFileType = file.storyboard; name = Base; path = Base.lproj/LaunchScreen.storyboard; sourceTree = "<group>"; };
		DE1564B5284A0E7300C1B507 /* Info.plist */ = {isa = PBXFileReference; lastKnownFileType = text.plist.xml; path = Info.plist; sourceTree = "<group>"; };
		DE1564BD284A115800C1B507 /* ViewController.swift */ = {isa = PBXFileReference; fileEncoding = 4; lastKnownFileType = sourcecode.swift; path = ViewController.swift; sourceTree = "<group>"; };
		DE1564BF284A12ED00C1B507 /* Files */ = {isa = PBXFileReference; lastKnownFileType = folder; path = Files; sourceTree = "<group>"; };
		DE1564C1284A168300C1B507 /* Movie.swift */ = {isa = PBXFileReference; lastKnownFileType = sourcecode.swift; path = Movie.swift; sourceTree = "<group>"; };
		DE1564C3284A1A0400C1B507 /* MovieTableViewCell.swift */ = {isa = PBXFileReference; lastKnownFileType = sourcecode.swift; path = MovieTableViewCell.swift; sourceTree = "<group>"; };
		DE1564C5284A1D4B00C1B507 /* movies.json */ = {isa = PBXFileReference; fileEncoding = 4; lastKnownFileType = text.json; path = movies.json; sourceTree = "<group>"; };
		DE6550D4284A22880049815A /* MovieDetailViewController.swift */ = {isa = PBXFileReference; lastKnownFileType = sourcecode.swift; path = MovieDetailViewController.swift; sourceTree = "<group>"; };
/* End PBXFileReference section */

/* Begin PBXFrameworksBuildPhase section */
		DE1564A1284A0E7000C1B507 /* Frameworks */ = {
			isa = PBXFrameworksBuildPhase;
			buildActionMask = 2147483647;
			files = (
			);
			runOnlyForDeploymentPostprocessing = 0;
		};
/* End PBXFrameworksBuildPhase section */

/* Begin PBXGroup section */
		DE15649B284A0E7000C1B507 = {
			isa = PBXGroup;
			children = (
				DE1564A6284A0E7000C1B507 /* MovieApp - JSON - */,
				DE1564A5284A0E7000C1B507 /* Products */,
			);
			sourceTree = "<group>";
		};
		DE1564A5284A0E7000C1B507 /* Products */ = {
			isa = PBXGroup;
			children = (
				DE1564A4284A0E7000C1B507 /* MovieApp - JSON -.app */,
			);
			name = Products;
			sourceTree = "<group>";
		};
		DE1564A6284A0E7000C1B507 /* MovieApp - JSON - */ = {
			isa = PBXGroup;
			children = (
				DE1564A7284A0E7000C1B507 /* AppDelegate.swift */,
				DE1564A9284A0E7000C1B507 /* SceneDelegate.swift */,
				DE1564AD284A0E7000C1B507 /* Main.storyboard */,
				DE1564BD284A115800C1B507 /* ViewController.swift */,
				DE6550D4284A22880049815A /* MovieDetailViewController.swift */,
				DE1564B0284A0E7300C1B507 /* Assets.xcassets */,
				DE1564B2284A0E7300C1B507 /* LaunchScreen.storyboard */,
				DE1564B5284A0E7300C1B507 /* Info.plist */,
				DE1564C5284A1D4B00C1B507 /* movies.json */,
				DE1564BF284A12ED00C1B507 /* Files */,
				DE1564C1284A168300C1B507 /* Movie.swift */,
				DE1564C3284A1A0400C1B507 /* MovieTableViewCell.swift */,
			);
			path = "MovieApp - JSON -";
			sourceTree = "<group>";
		};
/* End PBXGroup section */

/* Begin PBXNativeTarget section */
		DE1564A3284A0E7000C1B507 /* MovieApp - JSON - */ = {
			isa = PBXNativeTarget;
			buildConfigurationList = DE1564B8284A0E7300C1B507 /* Build configuration list for PBXNativeTarget "MovieApp - JSON -" */;
			buildPhases = (
				DE1564A0284A0E7000C1B507 /* Sources */,
				DE1564A1284A0E7000C1B507 /* Frameworks */,
				DE1564A2284A0E7000C1B507 /* Resources */,
			);
			buildRules = (
			);
			dependencies = (
			);
			name = "MovieApp - JSON -";
			productName = "MovieApp - JSON -";
			productReference = DE1564A4284A0E7000C1B507 /* MovieApp - JSON -.app */;
			productType = "com.apple.product-type.application";
		};
/* End PBXNativeTarget section */

/* Begin PBXProject section */
		DE15649C284A0E7000C1B507 /* Project object */ = {
			isa = PBXProject;
			attributes = {
				BuildIndependentTargetsInParallel = 1;
				LastSwiftUpdateCheck = 1320;
				LastUpgradeCheck = 1320;
				TargetAttributes = {
					DE1564A3284A0E7000C1B507 = {
						CreatedOnToolsVersion = 13.2.1;
					};
				};
			};
			buildConfigurationList = DE15649F284A0E7000C1B507 /* Build configuration list for PBXProject "MovieApp - JSON -" */;
			compatibilityVersion = "Xcode 13.0";
			developmentRegion = en;
			hasScannedForEncodings = 0;
			knownRegions = (
				en,
				Base,
			);
			mainGroup = DE15649B284A0E7000C1B507;
			productRefGroup = DE1564A5284A0E7000C1B507 /* Products */;
			projectDirPath = "";
			projectRoot = "";
			targets = (
				DE1564A3284A0E7000C1B507 /* MovieApp - JSON - */,
			);
		};
/* End PBXProject section */

/* Begin PBXResourcesBuildPhase section */
		DE1564A2284A0E7000C1B507 /* Resources */ = {
			isa = PBXResourcesBuildPhase;
			buildActionMask = 2147483647;
			files = (
				DE1564B4284A0E7300C1B507 /* LaunchScreen.storyboard in Resources */,
				DE1564B1284A0E7300C1B507 /* Assets.xcassets in Resources */,
				DE1564C6284A1D4B00C1B507 /* movies.json in Resources */,
				DE1564C0284A12ED00C1B507 /* Files in Resources */,
				DE1564AF284A0E7000C1B507 /* Main.storyboard in Resources */,
			);
			runOnlyForDeploymentPostprocessing = 0;
		};
/* End PBXResourcesBuildPhase section */

/* Begin PBXSourcesBuildPhase section */
		DE1564A0284A0E7000C1B507 /* Sources */ = {
			isa = PBXSourcesBuildPhase;
			buildActionMask = 2147483647;
			files = (
				DE1564C4284A1A0400C1B507 /* MovieTableViewCell.swift in Sources */,
				DE1564A8284A0E7000C1B507 /* AppDelegate.swift in Sources */,
				DE1564BE284A115800C1B507 /* ViewController.swift in Sources */,
				DE1564C2284A168300C1B507 /* Movie.swift in Sources */,
				DE6550D5284A22880049815A /* MovieDetailViewController.swift in Sources */,
				DE1564AA284A0E7000C1B507 /* SceneDelegate.swift in Sources */,
			);
			runOnlyForDeploymentPostprocessing = 0;
		};
/* End PBXSourcesBuildPhase section */

/* Begin PBXVariantGroup section */
		DE1564AD284A0E7000C1B507 /* Main.storyboard */ = {
			isa = PBXVariantGroup;
			children = (
				DE1564AE284A0E7000C1B507 /* Base */,
			);
			name = Main.storyboard;
			sourceTree = "<group>";
		};
		DE1564B2284A0E7300C1B507 /* LaunchScreen.storyboard */ = {
			isa = PBXVariantGroup;
			children = (
				DE1564B3284A0E7300C1B507 /* Base */,
			);
			name = LaunchScreen.storyboard;
			sourceTree = "<group>";
		};
/* End PBXVariantGroup section */

/* Begin XCBuildConfiguration section */
		DE1564B6284A0E7300C1B507 /* Debug */ = {
			isa = XCBuildConfiguration;
			buildSettings = {
				ALWAYS_SEARCH_USER_PATHS = NO;
				CLANG_ANALYZER_NONNULL = YES;
				CLANG_ANALYZER_NUMBER_OBJECT_CONVERSION = YES_AGGRESSIVE;
				CLANG_CXX_LANGUAGE_STANDARD = "gnu++17";
				CLANG_CXX_LIBRARY = "libc++";
				CLANG_ENABLE_MODULES = YES;
				CLANG_ENABLE_OBJC_ARC = YES;
				CLANG_ENABLE_OBJC_WEAK = YES;
				CLANG_WARN_BLOCK_CAPTURE_AUTORELEASING = YES;
				CLANG_WARN_BOOL_CONVERSION = YES;
				CLANG_WARN_COMMA = YES;
				CLANG_WARN_CONSTANT_CONVERSION = YES;
				CLANG_WARN_DEPRECATED_OBJC_IMPLEMENTATIONS = YES;
				CLANG_WARN_DIRECT_OBJC_ISA_USAGE = YES_ERROR;
				CLANG_WARN_DOCUMENTATION_COMMENTS = YES;
				CLANG_WARN_EMPTY_BODY = YES;
				CLANG_WARN_ENUM_CONVERSION = YES;
				CLANG_WARN_INFINITE_RECURSION = YES;
				CLANG_WARN_INT_CONVERSION = YES;
				CLANG_WARN_NON_LITERAL_NULL_CONVERSION = YES;
				CLANG_WARN_OBJC_IMPLICIT_RETAIN_SELF = YES;
				CLANG_WARN_OBJC_LITERAL_CONVERSION = YES;
				CLANG_WARN_OBJC_ROOT_CLASS = YES_ERROR;
				CLANG_WARN_QUOTED_INCLUDE_IN_FRAMEWORK_HEADER = YES;
				CLANG_WARN_RANGE_LOOP_ANALYSIS = YES;
				CLANG_WARN_STRICT_PROTOTYPES = YES;
				CLANG_WARN_SUSPICIOUS_MOVE = YES;
				CLANG_WARN_UNGUARDED_AVAILABILITY = YES_AGGRESSIVE;
				CLANG_WARN_UNREACHABLE_CODE = YES;
				CLANG_WARN__DUPLICATE_METHOD_MATCH = YES;
				COPY_PHASE_STRIP = NO;
				DEBUG_INFORMATION_FORMAT = dwarf;
				ENABLE_STRICT_OBJC_MSGSEND = YES;
				ENABLE_TESTABILITY = YES;
				GCC_C_LANGUAGE_STANDARD = gnu11;
				GCC_DYNAMIC_NO_PIC = NO;
				GCC_NO_COMMON_BLOCKS = YES;
				GCC_OPTIMIZATION_LEVEL = 0;
				GCC_PREPROCESSOR_DEFINITIONS = (
					"DEBUG=1",
					"$(inherited)",
				);
				GCC_WARN_64_TO_32_BIT_CONVERSION = YES;
				GCC_WARN_ABOUT_RETURN_TYPE = YES_ERROR;
				GCC_WARN_UNDECLARED_SELECTOR = YES;
				GCC_WARN_UNINITIALIZED_AUTOS = YES_AGGRESSIVE;
				GCC_WARN_UNUSED_FUNCTION = YES;
				GCC_WARN_UNUSED_VARIABLE = YES;
				IPHONEOS_DEPLOYMENT_TARGET = 15.2;
				MTL_ENABLE_DEBUG_INFO = INCLUDE_SOURCE;
				MTL_FAST_MATH = YES;
				ONLY_ACTIVE_ARCH = YES;
				SDKROOT = iphoneos;
				SWIFT_ACTIVE_COMPILATION_CONDITIONS = DEBUG;
				SWIFT_OPTIMIZATION_LEVEL = "-Onone";
			};
			name = Debug;
		};
		DE1564B7284A0E7300C1B507 /* Release */ = {
			isa = XCBuildConfiguration;
			buildSettings = {
				ALWAYS_SEARCH_USER_PATHS = NO;
				CLANG_ANALYZER_NONNULL = YES;
				CLANG_ANALYZER_NUMBER_OBJECT_CONVERSION = YES_AGGRESSIVE;
				CLANG_CXX_LANGUAGE_STANDARD = "gnu++17";
				CLANG_CXX_LIBRARY = "libc++";
				CLANG_ENABLE_MODULES = YES;
				CLANG_ENABLE_OBJC_ARC = YES;
				CLANG_ENABLE_OBJC_WEAK = YES;
				CLANG_WARN_BLOCK_CAPTURE_AUTORELEASING = YES;
				CLANG_WARN_BOOL_CONVERSION = YES;
				CLANG_WARN_COMMA = YES;
				CLANG_WARN_CONSTANT_CONVERSION = YES;
				CLANG_WARN_DEPRECATED_OBJC_IMPLEMENTATIONS = YES;
				CLANG_WARN_DIRECT_OBJC_ISA_USAGE = YES_ERROR;
				CLANG_WARN_DOCUMENTATION_COMMENTS = YES;
				CLANG_WARN_EMPTY_BODY = YES;
				CLANG_WARN_ENUM_CONVERSION = YES;
				CLANG_WARN_INFINITE_RECURSION = YES;
				CLANG_WARN_INT_CONVERSION = YES;
				CLANG_WARN_NON_LITERAL_NULL_CONVERSION = YES;
				CLANG_WARN_OBJC_IMPLICIT_RETAIN_SELF = YES;
				CLANG_WARN_OBJC_LITERAL_CONVERSION = YES;
				CLANG_WARN_OBJC_ROOT_CLASS = YES_ERROR;
				CLANG_WARN_QUOTED_INCLUDE_IN_FRAMEWORK_HEADER = YES;
				CLANG_WARN_RANGE_LOOP_ANALYSIS = YES;
				CLANG_WARN_STRICT_PROTOTYPES = YES;
				CLANG_WARN_SUSPICIOUS_MOVE = YES;
				CLANG_WARN_UNGUARDED_AVAILABILITY = YES_AGGRESSIVE;
				CLANG_WARN_UNREACHABLE_CODE = YES;
				CLANG_WARN__DUPLICATE_METHOD_MATCH = YES;
				COPY_PHASE_STRIP = NO;
				DEBUG_INFORMATION_FORMAT = "dwarf-with-dsym";
				ENABLE_NS_ASSERTIONS = NO;
				ENABLE_STRICT_OBJC_MSGSEND = YES;
				GCC_C_LANGUAGE_STANDARD = gnu11;
				GCC_NO_COMMON_BLOCKS = YES;
				GCC_WARN_64_TO_32_BIT_CONVERSION = YES;
				GCC_WARN_ABOUT_RETURN_TYPE = YES_ERROR;
				GCC_WARN_UNDECLARED_SELECTOR = YES;
				GCC_WARN_UNINITIALIZED_AUTOS = YES_AGGRESSIVE;
				GCC_WARN_UNUSED_FUNCTION = YES;
				GCC_WARN_UNUSED_VARIABLE = YES;
				IPHONEOS_DEPLOYMENT_TARGET = 15.2;
				MTL_ENABLE_DEBUG_INFO = NO;
				MTL_FAST_MATH = YES;
				SDKROOT = iphoneos;
				SWIFT_COMPILATION_MODE = wholemodule;
				SWIFT_OPTIMIZATION_LEVEL = "-O";
				VALIDATE_PRODUCT = YES;
			};
			name = Release;
		};
		DE1564B9284A0E7300C1B507 /* Debug */ = {
			isa = XCBuildConfiguration;
			buildSettings = {
				ASSETCATALOG_COMPILER_APPICON_NAME = AppIcon;
				ASSETCATALOG_COMPILER_GLOBAL_ACCENT_COLOR_NAME = AccentColor;
				CODE_SIGN_STYLE = Automatic;
				CURRENT_PROJECT_VERSION = 1;
				DEVELOPMENT_TEAM = 7CRNJ953YN;
				GENERATE_INFOPLIST_FILE = YES;
				INFOPLIST_FILE = "MovieApp - JSON -/Info.plist";
				INFOPLIST_KEY_UIApplicationSupportsIndirectInputEvents = YES;
				INFOPLIST_KEY_UILaunchStoryboardName = LaunchScreen;
				INFOPLIST_KEY_UIMainStoryboardFile = Main;
				INFOPLIST_KEY_UISupportedInterfaceOrientations_iPad = "UIInterfaceOrientationPortrait UIInterfaceOrientationPortraitUpsideDown UIInterfaceOrientationLandscapeLeft UIInterfaceOrientationLandscapeRight";
				INFOPLIST_KEY_UISupportedInterfaceOrientations_iPhone = "UIInterfaceOrientationPortrait UIInterfaceOrientationLandscapeLeft UIInterfaceOrientationLandscapeRight";
				LD_RUNPATH_SEARCH_PATHS = (
					"$(inherited)",
					"@executable_path/Frameworks",
				);
				MARKETING_VERSION = 1.0;
				PRODUCT_BUNDLE_IDENTIFIER = "com.omerKilicaslan.MovieApp---JSON--";
				PRODUCT_NAME = "$(TARGET_NAME)";
				SWIFT_EMIT_LOC_STRINGS = YES;
				SWIFT_VERSION = 5.0;
				TARGETED_DEVICE_FAMILY = "1,2";
			};
			name = Debug;
		};
		DE1564BA284A0E7300C1B507 /* Release */ = {
			isa = XCBuildConfiguration;
			buildSettings = {
				ASSETCATALOG_COMPILER_APPICON_NAME = AppIcon;
				ASSETCATALOG_COMPILER_GLOBAL_ACCENT_COLOR_NAME = AccentColor;
				CODE_SIGN_STYLE = Automatic;
				CURRENT_PROJECT_VERSION = 1;
				DEVELOPMENT_TEAM = 7CRNJ953YN;
				GENERATE_INFOPLIST_FILE = YES;
				INFOPLIST_FILE = "MovieApp - JSON -/Info.plist";
				INFOPLIST_KEY_UIApplicationSupportsIndirectInputEvents = YES;
				INFOPLIST_KEY_UILaunchStoryboardName = LaunchScreen;
				INFOPLIST_KEY_UIMainStoryboardFile = Main;
				INFOPLIST_KEY_UISupportedInterfaceOrientations_iPad = "UIInterfaceOrientationPortrait UIInterfaceOrientationPortraitUpsideDown UIInterfaceOrientationLandscapeLeft UIInterfaceOrientationLandscapeRight";
				INFOPLIST_KEY_UISupportedInterfaceOrientations_iPhone = "UIInterfaceOrientationPortrait UIInterfaceOrientationLandscapeLeft UIInterfaceOrientationLandscapeRight";
				LD_RUNPATH_SEARCH_PATHS = (
					"$(inherited)",
					"@executable_path/Frameworks",
				);
				MARKETING_VERSION = 1.0;
				PRODUCT_BUNDLE_IDENTIFIER = "com.omerKilicaslan.MovieApp---JSON--";
				PRODUCT_NAME = "$(TARGET_NAME)";
				SWIFT_EMIT_LOC_STRINGS = YES;
				SWIFT_VERSION = 5.0;
				TARGETED_DEVICE_FAMILY = "1,2";
			};
			name = Release;
		};
/* End XCBuildConfiguration section */

/* Begin XCConfigurationList section */
		DE15649F284A0E7000C1B507 /* Build configuration list for PBXProject "MovieApp - JSON -" */ = {
			isa = XCConfigurationList;
			buildConfigurations = (
				DE1564B6284A0E7300C1B507 /* Debug */,
				DE1564B7284A0E7300C1B507 /* Release */,
			);
			defaultConfigurationIsVisible = 0;
			defaultConfigurationName = Release;
		};
		DE1564B8284A0E7300C1B507 /* Build configuration list for PBXNativeTarget "MovieApp - JSON -" */ = {
			isa = XCConfigurationList;
			buildConfigurations = (
				DE1564B9284A0E7300C1B507 /* Debug */,
				DE1564BA284A0E7300C1B507 /* Release */,
			);
			defaultConfigurationIsVisible = 0;
			defaultConfigurationName = Release;
		};
/* End XCConfigurationList section */
	};
	rootObject = DE15649C284A0E7000C1B507 /* Project object */;
}
